
Microsoft Visual Studio Solution File, Format Version 12.00
# Visual Studio Version 17
VisualStudioVersion = 17.3.32825.248
MinimumVisualStudioVersion = 10.0.40219.1
Project("{FAE04EC0-301F-11D3-BF4B-00C04F79EFBC}") = "FormApp", "FormApp\FormApp.csproj", "{A36AC43D-FD7C-4373-94C4-72F6366D0E56}"
EndProject
Global
	GlobalSection(SolutionConfigurationPlatforms) = preSolution
		Debug|Any CPU = Debug|Any CPU
		Release|Any CPU = Release|Any CPU
	EndGlobalSection
	GlobalSection(ProjectConfigurationPlatforms) = postSolution
		{A36AC43D-FD7C-4373-94C4-72F6366D0E56}.Debug|Any CPU.ActiveCfg = Debug|Any CPU
		{A36AC43D-FD7C-4373-94C4-72F6366D0E56}.Debug|Any CPU.Build.0 = Debug|Any CPU
		{A36AC43D-FD7C-4373-94C4-72F6366D0E56}.Release|Any CPU.ActiveCfg = Release|Any CPU
		{A36AC43D-FD7C-4373-94C4-72F6366D0E56}.Release|Any CPU.Build.0 = Release|Any CPU
	EndGlobalSection
	GlobalSection(SolutionProperties) = preSolution
		HideSolutionNode = FALSE
	EndGlobalSection
	GlobalSection(ExtensibilityGlobals) = postSolution
		SolutionGuid = {888EE717-74FD-4C31-B586-ABA0E34CCE1C}
	EndGlobalSection
EndGlobal
